# This file is autogenerated, do not edit; changes may be undone by the next 'dep ensure'.


[[projects]]
  branch = "master"
  name = "github.com/Azure/go-ansiterm"
  packages = [
    ".",
    "winterm"
  ]
  revision = "d6e3b3328b783f23731bc4d058875b0371ff8109"

[[projects]]
  name = "github.com/Microsoft/go-winio"
  packages = ["."]
  revision = "1a8911d1ed007260465c3bfbbc785ac6915a0bb8"
  version = "v0.4.12"

[[projects]]
  branch = "master"
  name = "github.com/Nvveen/Gotty"
  packages = ["."]
  revision = "cd527374f1e5bff4938207604a14f2e38a9cf512"

[[projects]]
  name = "github.com/akutz/goof"
  packages = ["."]
  revision = "2321ba37c3513692d6f799d91fa66f28d11c7d7a"
  version = "v0.1.2"

[[projects]]
  name = "github.com/akutz/gotil"
  packages = ["."]
  revision = "6fa2e80bd3ac40f15788cfc3d12ebba49a0add92"
  version = "v0.1.0"

[[projects]]
  name = "github.com/asaskevich/govalidator"
  packages = ["."]
  revision = "73945b6115bfbbcc57d89b7316e28109364124e1"
  version = "v7"

[[projects]]
  name = "github.com/cenkalti/backoff"
  packages = ["."]
  revision = "2146c93394225c3732078705043ce9f26584d334"
  version = "v2.2.0"

[[projects]]
  branch = "master"
  name = "github.com/containerd/continuity"
  packages = ["pathdriver"]
  revision = "aaeac12a7ffcd198ae25440a9dff125c2e2703a7"

[[projects]]
  name = "github.com/davecgh/go-spew"
  packages = ["spew"]
  revision = "8991bc29aa16c548c550c7ff78260e27b9ab7c73"
  version = "v1.1.1"

[[projects]]
  name = "github.com/dgrijalva/jwt-go"
  packages = ["."]
  revision = "06ea1031745cb8b3dab3f6a236daf2b0aa468b7e"
  version = "v3.2.0"

[[projects]]
  name = "github.com/docker/go-connections"
  packages = ["nat"]
  revision = "3ede32e2033de7505e6500d6c868c2b9ed9f169d"
  version = "v0.3.0"

[[projects]]
  name = "github.com/docker/go-units"
  packages = ["."]
  revision = "47565b4f722fb6ceae66b95f853feed578a4a51c"
  version = "v0.3.3"

[[projects]]
  name = "github.com/fsnotify/fsnotify"
  packages = ["."]
  revision = "c2828203cd70a50dcccfb2761f8b1f8ceef9a8e9"
  version = "v1.4.7"

[[projects]]
  name = "github.com/go-resty/resty"
  packages = ["."]
  revision = "fa5875c0caa5c260ab78acec5a244215a730247f"
  version = "v1.12.0"

[[projects]]
  name = "github.com/go-sql-driver/mysql"
  packages = ["."]
  revision = "72cd26f257d44c1114970e19afddcd812016007e"
  version = "v1.4.1"

[[projects]]
  branch = "master"
  name = "github.com/golang/gddo"
  packages = [
    "httputil",
    "httputil/header"
  ]
  revision = "af0f2af80721261f4d211b2c9563f7b46b2aab06"

[[projects]]
  name = "github.com/golang/protobuf"
  packages = ["proto"]
  revision = "b5d812f8a3706043e23a9cd5babf2e5423744d30"
  version = "v1.3.1"

[[projects]]
  name = "github.com/google/uuid"
  packages = ["."]
  revision = "0cd6bf5da1e1c83f8b45653022c74f71af0538a4"
  version = "v1.1.1"

[[projects]]
  branch = "master"
  name = "github.com/hashicorp/golang-lru"
  packages = [
    ".",
    "simplelru"
  ]
  revision = "59383c442f7d7b190497e9bb8fc17a48d06cd03f"

[[projects]]
  name = "github.com/hashicorp/hcl"
  packages = [
    ".",
    "hcl/ast",
    "hcl/parser",
    "hcl/printer",
    "hcl/scanner",
    "hcl/strconv",
    "hcl/token",
    "json/parser",
    "json/scanner",
    "json/token"
  ]
  revision = "8cb6e5b959231cc1119e43259c4a608f9c51a241"
  version = "v1.0.0"

[[projects]]
  name = "github.com/inconshreveable/mousetrap"
  packages = ["."]
  revision = "76626ae9c91c4f2a10f34cad8ce83ea42c93bb75"
  version = "v1.0"

[[projects]]
  branch = "master"
  name = "github.com/jmoiron/sqlx"
  packages = [
    ".",
    "reflectx"
  ]
  revision = "38398a30ed8516ffda617a04c822de09df8a3ec5"

[[projects]]
  name = "github.com/julienschmidt/httprouter"
  packages = ["."]
  revision = "348b672cd90d8190f8240323e372ecd1e66b59dc"
  version = "v1.2.0"

[[projects]]
  branch = "master"
  name = "github.com/kardianos/osext"
  packages = ["."]
  revision = "2bc1f35cddc0cc527b4bc3dce8578fc2a6c11384"

[[projects]]
  name = "github.com/konsorten/go-windows-terminal-sequences"
  packages = ["."]
  revision = "f55edac94c9bbba5d6182a4be46d86a2c9b5b50e"
  version = "v1.0.2"

[[projects]]
  branch = "master"
  name = "github.com/lib/pq"
  packages = [
    ".",
    "oid",
    "scram"
  ]
  revision = "2ff3cb3adc01768e0a552b3a02575a6df38a9bea"

[[projects]]
  name = "github.com/magiconair/properties"
  packages = [
    ".",
    "assert"
  ]
  revision = "de8848e004dd33dc07a2947b3d76f618a7fc7ef1"
  version = "v1.8.1"

[[projects]]
  branch = "master"
  name = "github.com/meatballhat/negroni-logrus"
  packages = ["."]
  revision = "31067281800f66f57548a7a32d9c6c5f963fef83"

[[projects]]
  name = "github.com/mitchellh/mapstructure"
  packages = ["."]
  revision = "3536a929edddb9a5b34bd6861dc4a9647cb459fe"
  version = "v1.1.2"

[[projects]]
  branch = "master"
  name = "github.com/mohae/deepcopy"
  packages = ["."]
  revision = "c48cc78d482608239f6c4c92a4abd87eb8761c90"

[[projects]]
  name = "github.com/opencontainers/go-digest"
  packages = ["."]
  revision = "279bed98673dd5bef374d3b6e4b09e2af76183bf"
  version = "v1.0.0-rc1"

[[projects]]
  name = "github.com/opencontainers/image-spec"
  packages = [
    "specs-go",
    "specs-go/v1"
  ]
  revision = "d60099175f88c47cd379c4738d158884749ed235"
  version = "v1.0.1"

[[projects]]
  name = "github.com/opencontainers/runc"
  packages = ["libcontainer/user"]
  revision = "425e105d5a03fabd737a126ad93d62a9eeede87f"
  version = "v1.0.0-rc8"

[[projects]]
  name = "github.com/ory/dockertest"
  packages = [
    ".",
    "docker",
    "docker/opts",
    "docker/pkg/archive",
    "docker/pkg/fileutils",
    "docker/pkg/homedir",
    "docker/pkg/idtools",
    "docker/pkg/ioutils",
    "docker/pkg/jsonmessage",
    "docker/pkg/longpath",
    "docker/pkg/mount",
    "docker/pkg/pools",
    "docker/pkg/stdcopy",
    "docker/pkg/system",
    "docker/pkg/term",
    "docker/pkg/term/windows",
    "docker/types",
    "docker/types/blkiodev",
    "docker/types/container",
    "docker/types/filters",
    "docker/types/mount",
    "docker/types/network",
    "docker/types/registry",
    "docker/types/strslice",
    "docker/types/versions"
  ]
  revision = "f76851ed013cf03f376b6580c834467187bb7148"
  version = "v3.3.4"

[[projects]]
  name = "github.com/ory/fosite"
  packages = ["."]
  revision = "1ad9cd36069f61b2ace0fec097fe4bdc92e9f6c6"
  version = "v0.21.5"

[[projects]]
  name = "github.com/ory/go-convenience"
  packages = [
    "corsx",
    "stringslice",
    "stringsx"
  ]
  revision = "c47f601243faea2022b8bc0b90d7e1cd1f722807"
  version = "v0.0.6"

[[projects]]
  name = "github.com/ory/graceful"
  packages = ["."]
  revision = "02c7fd5a55fb774fc8a71e5c30d6d0f307e40bbf"
  version = "v0.1.1"

[[projects]]
  name = "github.com/ory/herodot"
  packages = ["."]
  revision = "b0f8ef18691ebd745ed710662d6756cd7a89add7"
  version = "v0.6.2"

[[projects]]
  name = "github.com/ory/pagination"
  packages = ["."]
  revision = "abd7ec33a01fdec119267449c8f3bad187f881f6"
  version = "v0.0.1"

[[projects]]
  name = "github.com/ory/sqlcon"
  packages = [
    ".",
    "dockertest"
  ]
  revision = "068c69998749cdb876c4adf179a8ed702864ad2b"
  version = "v0.0.7"

[[projects]]
  name = "github.com/pborman/uuid"
  packages = ["."]
  revision = "adf5a7427709b9deb95d29d3fa8a2bf9cfd388f1"
  version = "v1.2"

[[projects]]
  name = "github.com/pelletier/go-toml"
  packages = ["."]
  revision = "728039f679cbcd4f6a54e080d2219a4c4928c546"
  version = "v1.4.0"

[[projects]]
  name = "github.com/pkg/errors"
  packages = ["."]
  revision = "ba968bfe8b2f7e042a574c888954fccecfa385b4"
  version = "v0.8.1"

[[projects]]
  name = "github.com/pkg/profile"
  packages = ["."]
  revision = "f6fe06335df110bcf1ed6d4e852b760bfc15beee"
  version = "v1.3.0"

[[projects]]
  name = "github.com/pmezard/go-difflib"
  packages = ["difflib"]
  revision = "792786c7400a136282c1664665ae0a8db921c6c2"
  version = "v1.0.0"

[[projects]]
  name = "github.com/rs/cors"
  packages = ["."]
  revision = "9a47f48565a795472d43519dd49aac781f3034fb"
  version = "v1.6.0"

[[projects]]
  branch = "master"
  name = "github.com/rubenv/sql-migrate"
  packages = [
    ".",
    "sqlparse"
  ]
  revision = "f4d34eae5a5cf210693e81c604e6bac5f6727927"

[[projects]]
  name = "github.com/sirupsen/logrus"
  packages = ["."]
  revision = "839c75faf7f98a33d445d181f3018b5c3409a45e"
  version = "v1.4.2"

[[projects]]
  name = "github.com/spf13/afero"
  packages = [
    ".",
    "mem"
  ]
  revision = "588a75ec4f32903aa5e39a2619ba6a4631e28424"
  version = "v1.2.2"

[[projects]]
  name = "github.com/spf13/cast"
  packages = ["."]
  revision = "8c9545af88b134710ab1cd196795e7f2388358d7"
  version = "v1.3.0"

[[projects]]
  name = "github.com/spf13/cobra"
  packages = ["."]
  revision = "f2b07da1e2c38d5f12845a4f607e2e1018cbb1f5"
  version = "v0.0.5"

[[projects]]
  name = "github.com/spf13/jwalterweatherman"
  packages = ["."]
  revision = "94f6ae3ed3bceceafa716478c5fbf8d29ca601a1"
  version = "v1.1.0"

[[projects]]
  name = "github.com/spf13/pflag"
  packages = ["."]
  revision = "298182f68c66c05229eb03ac171abe6e309ee79a"
  version = "v1.0.3"

[[projects]]
  name = "github.com/spf13/viper"
  packages = ["."]
  revision = "b5bf975e5823809fb22c7644d008757f78a4259e"
  version = "v1.4.0"

[[projects]]
  name = "github.com/square/go-jose"
  packages = ["json"]
  revision = "730df5f748271903322feb182be83b43ebbbe27d"
  version = "v2.3.1"

[[projects]]
  name = "github.com/stretchr/testify"
  packages = [
    "assert",
    "require"
  ]
  revision = "ffdc059bfe9ce6a4e144ba849dbedead332c6053"
  version = "v1.3.0"

[[projects]]
  name = "github.com/urfave/negroni"
  packages = ["."]
  revision = "5dbbc83f748fc3ad38585842b0aedab546d0ea1e"
  version = "v0.3.0"

[[projects]]
  name = "github.com/hivelocity/ladon"
  packages = [
    ".",
    "compiler",
    "manager/memory",
    "manager/sql"
  ]
  revision = "a4903f4dc8a7f8c9a6c10437f88b334ad1dd805a"
  version = "v0.9.0"

[[projects]]
  branch = "master"
  name = "golang.org/x/crypto"
  packages = [
    "bcrypt",
    "blowfish",
    "ed25519",
    "ed25519/internal/edwards25519",
    "pbkdf2"
  ]
  revision = "ea8f1a30c4438cc8b13f05538385ad8dc6049b43"

[[projects]]
  branch = "master"
  name = "golang.org/x/net"
  packages = [
    "context",
    "context/ctxhttp",
    "idna",
    "publicsuffix"
  ]
  revision = "b5b0513f8c1bb7c1e3e6f168fba117131fe2614a"

[[projects]]
  branch = "master"
  name = "golang.org/x/oauth2"
  packages = [
    ".",
    "clientcredentials",
    "internal"
  ]
  revision = "0f29369cfe4552d0e4bcddc57cc75f4d7e672a33"

[[projects]]
  branch = "master"
  name = "golang.org/x/sys"
  packages = [
    "unix",
    "windows"
  ]
  revision = "516e3c20635fbe39539f7ed361a15c51fec29cd8"

[[projects]]
  name = "golang.org/x/text"
  packages = [
    "collate",
    "collate/build",
    "internal/colltab",
    "internal/gen",
    "internal/language",
    "internal/language/compact",
    "internal/tag",
    "internal/triegen",
    "internal/ucd",
    "language",
    "secure/bidirule",
    "transform",
    "unicode/bidi",
    "unicode/cldr",
    "unicode/norm",
    "unicode/rangetable"
  ]
  revision = "342b2e1fbaa52c93f31447ad2c6abc048c63e475"
  version = "v0.3.2"

[[projects]]
  name = "google.golang.org/appengine"
  packages = [
    "cloudsql",
    "internal",
    "internal/base",
    "internal/datastore",
    "internal/log",
    "internal/remote_api",
    "internal/urlfetch",
    "urlfetch"
  ]
  revision = "b2f4a3cf3c67576a2ee09e1fe62656a5086ce880"
  version = "v1.6.1"

[[projects]]
  name = "gopkg.in/gorp.v1"
  packages = ["."]
  revision = "6a667da9c028871f98598d85413e3fc4c6daa52e"
  version = "v1.7.2"

[[projects]]
  name = "gopkg.in/square/go-jose.v2"
  packages = [
    ".",
    "cipher",
    "json"
  ]
  revision = "730df5f748271903322feb182be83b43ebbbe27d"
  version = "v2.3.1"

[[projects]]
  name = "gopkg.in/yaml.v2"
  packages = ["."]
  revision = "51d6538a90f86fe93ac480b35f37b2be17fef232"
  version = "v2.2.2"

[solve-meta]
  analyzer-name = "dep"
  analyzer-version = 1
  inputs-digest = "9f7e8cec53798c6475d48dc5702acef533ab7f6e103cd93cb081e0f7e06a48e1"
  solver-name = "gps-cdcl"
  solver-version = 1
